GEM
  remote: https://rubygems.org/
  specs:
    citrus (3.0.2)
    racc (1.8.1)
    toml-rb (4.2.1)
      citrus (~> 3.0, > 3.0)
      racc (~> 1.7)

PLATFORMS
  arm64-darwin-25
  ruby

DEPENDENCIES
  toml-rb

CHECKSUMS
  bundler (4.0.18) sha256=02d9a17429de1847b4e0c9f27a9ee4b20c0a74c0a641b4e77195d6019e3618ac
  citrus (3.0.2) sha256=4ec2412fc389ad186735f4baee1460f7900a8e130ffe3f216b30d4f9c684f650
  racc (1.8.1) sha256=4a7f6929691dbec8b5209a0b373bc2614882b55fc5d2e447a21aaa691303d62f
  toml-rb (4.2.1) sha256=e6c40e27905e86a7d38cc252eb4bc12d72c61576c826a358390c30f5de0b9dbb

RUBY VERSION
  ruby 4.0.6

BUNDLED WITH
  4.0.18
